# THIS IS AN AUTOGENERATED FILE. DO NOT EDIT THIS FILE DIRECTLY.
# yarn lockfile v1


"@youxian/test-pkg@^1.0.0-alpha.0":
  version "1.0.0-alpha.3"
  resolved "https://registry.npmjs.org/@youxian/test-pkg/-/test-pkg-1.0.0-alpha.3.tgz#8b96d7d3ac101344f35f7abd14c40c0b9bde989b"
  integrity sha512-ZGeeOUI9YUCkzbkPBKUX3P0csej+d1jmGqZxTb21cYbbIoDiwsFWqxjMu06Ex//QIVi4EbSKjAhL7qZ6W/mbXg==
