# THIS IS AN AUTOGENERATED FILE. DO NOT EDIT THIS FILE DIRECTLY.
# yarn lockfile v1


superfree-testpkg-1@^0.0.1-alpha.1:
  version "0.0.1-alpha.1"
  resolved "https://registry.nlark.com/superfree-testpkg-1/download/superfree-testpkg-1-0.0.1-alpha.1.tgz#dc36a95a36ff283d5b5d217ea68f1c4795349785"
  integrity sha1-3DapWjb/KD1bXSF+po8cR5U0l4U=

superfree-testpkg-2@^0.0.1-alpha.5:
  version "0.0.1-alpha.5"
  resolved "https://registry.nlark.com/superfree-testpkg-2/download/superfree-testpkg-2-0.0.1-alpha.5.tgz#476ee583c23d95e58c8401715cea8d7d9590ca4c"
  integrity sha1-R27lg8I9leWMhAFxXOqNfZWQykw=
  dependencies:
    superfree-testpkg-1 "^0.0.1-alpha.1"
