# THIS IS AN AUTOGENERATED FILE. DO NOT EDIT THIS FILE DIRECTLY.
# yarn lockfile v1


"@discoveryjs/json-ext@^0.5.0":
  version "0.5.3"
  resolved "https://registry.nlark.com/@discoveryjs/json-ext/download/@discoveryjs/json-ext-0.5.3.tgz?cache=0&sync_timestamp=1620941046017&other_urls=https%3A%2F%2Fregistry.nlark.com%2F%40discoveryjs%2Fjson-ext%2Fdownload%2F%40discoveryjs%2Fjson-ext-0.5.3.tgz#90420f9f9c6d3987f176a19a7d8e764271a2f55d"
  integrity sha1-kEIPn5xtOYfxdqGafY52QnGi9V0=

"@types/eslint-scope@^3.7.0":
  version "3.7.1"
  resolved "https://registry.nlark.com/@types/eslint-scope/download/@types/eslint-scope-3.7.1.tgz#8dc390a7b4f9dd9f1284629efce982e41612116e"
  integrity sha1-jcOQp7T53Z8ShGKe/OmC5BYSEW4=
  dependencies:
    "@types/eslint" "*"
    "@types/estree" "*"

"@types/eslint@*":
  version "7.28.0"
  resolved "https://registry.nlark.com/@types/eslint/download/@types/eslint-7.28.0.tgz#7e41f2481d301c68e14f483fe10b017753ce8d5a"
  integrity sha1-fkHySB0wHGjhT0g/4QsBd1POjVo=
  dependencies:
    "@types/estree" "*"
    "@types/json-schema" "*"

"@types/estree@*", "@types/estree@^0.0.50":
  version "0.0.50"
  resolved "https://registry.nlark.com/@types/estree/download/@types/estree-0.0.50.tgz#1e0caa9364d3fccd2931c3ed96fdbeaa5d4cca83"
  integrity sha1-Hgyqk2TT/M0pMcPtlv2+ql1MyoM=

"@types/json-schema@*", "@types/json-schema@^7.0.8":
  version "7.0.9"
  resolved "https://registry.nlark.com/@types/json-schema/download/@types/json-schema-7.0.9.tgz?cache=0&sync_timestamp=1629708189890&other_urls=https%3A%2F%2Fregistry.nlark.com%2F%40types%2Fjson-schema%2Fdownload%2F%40types%2Fjson-schema-7.0.9.tgz#97edc9037ea0c38585320b28964dde3b39e4660d"
  integrity sha1-l+3JA36gw4WFMgsolk3eOznkZg0=

"@types/node@*":
  version "16.7.10"
  resolved "https://registry.nlark.com/@types/node/download/@types/node-16.7.10.tgz#7aa732cc47341c12a16b7d562f519c2383b6d4fc"
  integrity sha1-eqcyzEc0HBKha31WL1GcI4O21Pw=

"@webassemblyjs/ast@1.11.1":
  version "1.11.1"
  resolved "https://registry.nlark.com/@webassemblyjs/ast/download/@webassemblyjs/ast-1.11.1.tgz?cache=0&sync_timestamp=1625473420080&other_urls=https%3A%2F%2Fregistry.nlark.com%2F%40webassemblyjs%2Fast%2Fdownload%2F%40webassemblyjs%2Fast-1.11.1.tgz#2bfd767eae1a6996f432ff7e8d7fc75679c0b6a7"
  integrity sha1-K/12fq4aaZb0Mv9+jX/HVnnAtqc=
  dependencies:
    "@webassemblyjs/helper-numbers" "1.11.1"
    "@webassemblyjs/helper-wasm-bytecode" "1.11.1"

"@webassemblyjs/floating-point-hex-parser@1.11.1":
  version "1.11.1"
  resolved "https://registry.nlark.com/@webassemblyjs/floating-point-hex-parser/download/@webassemblyjs/floating-point-hex-parser-1.11.1.tgz#f6c61a705f0fd7a6aecaa4e8198f23d9dc179e4f"
  integrity sha1-9sYacF8P16auyqToGY8j2dwXnk8=

"@webassemblyjs/helper-api-error@1.11.1":
  version "1.11.1"
  resolved "https://registry.nlark.com/@webassemblyjs/helper-api-error/download/@webassemblyjs/helper-api-error-1.11.1.tgz?cache=0&sync_timestamp=1625473412127&other_urls=https%3A%2F%2Fregistry.nlark.com%2F%40webassemblyjs%2Fhelper-api-error%2Fdownload%2F%40webassemblyjs%2Fhelper-api-error-1.11.1.tgz#1a63192d8788e5c012800ba6a7a46c705288fd16"
  integrity sha1-GmMZLYeI5cASgAump6RscFKI/RY=

"@webassemblyjs/helper-buffer@1.11.1":
  version "1.11.1"
  resolved "https://registry.nlark.com/@webassemblyjs/helper-buffer/download/@webassemblyjs/helper-buffer-1.11.1.tgz?cache=0&sync_timestamp=1625473414638&other_urls=https%3A%2F%2Fregistry.nlark.com%2F%40webassemblyjs%2Fhelper-buffer%2Fdownload%2F%40webassemblyjs%2Fhelper-buffer-1.11.1.tgz#832a900eb444884cde9a7cad467f81500f5e5ab5"
  integrity sha1-gyqQDrREiEzemnytRn+BUA9eWrU=

"@webassemblyjs/helper-numbers@1.11.1":
  version "1.11.1"
  resolved "https://registry.nlark.com/@webassemblyjs/helper-numbers/download/@webassemblyjs/helper-numbers-1.11.1.tgz?cache=0&sync_timestamp=1625473464260&other_urls=https%3A%2F%2Fregistry.nlark.com%2F%40webassemblyjs%2Fhelper-numbers%2Fdownload%2F%40webassemblyjs%2Fhelper-numbers-1.11.1.tgz#64d81da219fbbba1e3bd1bfc74f6e8c4e10a62ae"
  integrity sha1-ZNgdohn7u6HjvRv8dPboxOEKYq4=
  dependencies:
    "@webassemblyjs/floating-point-hex-parser" "1.11.1"
    "@webassemblyjs/helper-api-error" "1.11.1"
    "@xtuc/long" "4.2.2"

"@webassemblyjs/helper-wasm-bytecode@1.11.1":
  version "1.11.1"
  resolved "https://registry.nlark.com/@webassemblyjs/helper-wasm-bytecode/download/@webassemblyjs/helper-wasm-bytecode-1.11.1.tgz?cache=0&sync_timestamp=1625473415013&other_urls=https%3A%2F%2Fregistry.nlark.com%2F%40webassemblyjs%2Fhelper-wasm-bytecode%2Fdownload%2F%40webassemblyjs%2Fhelper-wasm-bytecode-1.11.1.tgz#f328241e41e7b199d0b20c18e88429c4433295e1"
  integrity sha1-8ygkHkHnsZnQsgwY6IQpxEMyleE=

"@webassemblyjs/helper-wasm-section@1.11.1":
  version "1.11.1"
  resolved "https://registry.nlark.com/@webassemblyjs/helper-wasm-section/download/@webassemblyjs/helper-wasm-section-1.11.1.tgz#21ee065a7b635f319e738f0dd73bfbda281c097a"
  integrity sha1-Ie4GWntjXzGec48N1zv72igcCXo=
  dependencies:
    "@webassemblyjs/ast" "1.11.1"
    "@webassemblyjs/helper-buffer" "1.11.1"
    "@webassemblyjs/helper-wasm-bytecode" "1.11.1"
    "@webassemblyjs/wasm-gen" "1.11.1"

"@webassemblyjs/ieee754@1.11.1":
  version "1.11.1"
  resolved "https://registry.nlark.com/@webassemblyjs/ieee754/download/@webassemblyjs/ieee754-1.11.1.tgz#963929e9bbd05709e7e12243a099180812992614"
  integrity sha1-ljkp6bvQVwnn4SJDoJkYCBKZJhQ=
  dependencies:
    "@xtuc/ieee754" "^1.2.0"

"@webassemblyjs/leb128@1.11.1":
  version "1.11.1"
  resolved "https://registry.nlark.com/@webassemblyjs/leb128/download/@webassemblyjs/leb128-1.11.1.tgz#ce814b45574e93d76bae1fb2644ab9cdd9527aa5"
  integrity sha1-zoFLRVdOk9drrh+yZEq5zdlSeqU=
  dependencies:
    "@xtuc/long" "4.2.2"

"@webassemblyjs/utf8@1.11.1":
  version "1.11.1"
  resolved "https://registry.nlark.com/@webassemblyjs/utf8/download/@webassemblyjs/utf8-1.11.1.tgz?cache=0&sync_timestamp=1625473462317&other_urls=https%3A%2F%2Fregistry.nlark.com%2F%40webassemblyjs%2Futf8%2Fdownload%2F%40webassemblyjs%2Futf8-1.11.1.tgz#d1f8b764369e7c6e6bae350e854dec9a59f0a3ff"
  integrity sha1-0fi3ZDaefG5rrjUOhU3smlnwo/8=

"@webassemblyjs/wasm-edit@1.11.1":
  version "1.11.1"
  resolved "https://registry.nlark.com/@webassemblyjs/wasm-edit/download/@webassemblyjs/wasm-edit-1.11.1.tgz?cache=0&sync_timestamp=1625473490556&other_urls=https%3A%2F%2Fregistry.nlark.com%2F%40webassemblyjs%2Fwasm-edit%2Fdownload%2F%40webassemblyjs%2Fwasm-edit-1.11.1.tgz#ad206ebf4bf95a058ce9880a8c092c5dec8193d6"
  integrity sha1-rSBuv0v5WgWM6YgKjAksXeyBk9Y=
  dependencies:
    "@webassemblyjs/ast" "1.11.1"
    "@webassemblyjs/helper-buffer" "1.11.1"
    "@webassemblyjs/helper-wasm-bytecode" "1.11.1"
    "@webassemblyjs/helper-wasm-section" "1.11.1"
    "@webassemblyjs/wasm-gen" "1.11.1"
    "@webassemblyjs/wasm-opt" "1.11.1"
    "@webassemblyjs/wasm-parser" "1.11.1"
    "@webassemblyjs/wast-printer" "1.11.1"

"@webassemblyjs/wasm-gen@1.11.1":
  version "1.11.1"
  resolved "https://registry.nlark.com/@webassemblyjs/wasm-gen/download/@webassemblyjs/wasm-gen-1.11.1.tgz?cache=0&sync_timestamp=1625473361759&other_urls=https%3A%2F%2Fregistry.nlark.com%2F%40webassemblyjs%2Fwasm-gen%2Fdownload%2F%40webassemblyjs%2Fwasm-gen-1.11.1.tgz#86c5ea304849759b7d88c47a32f4f039ae3c8f76"
  integrity sha1-hsXqMEhJdZt9iMR6MvTwOa48j3Y=
  dependencies:
    "@webassemblyjs/ast" "1.11.1"
    "@webassemblyjs/helper-wasm-bytecode" "1.11.1"
    "@webassemblyjs/ieee754" "1.11.1"
    "@webassemblyjs/leb128" "1.11.1"
    "@webassemblyjs/utf8" "1.11.1"

"@webassemblyjs/wasm-opt@1.11.1":
  version "1.11.1"
  resolved "https://registry.nlark.com/@webassemblyjs/wasm-opt/download/@webassemblyjs/wasm-opt-1.11.1.tgz?cache=0&sync_timestamp=1625473467198&other_urls=https%3A%2F%2Fregistry.nlark.com%2F%40webassemblyjs%2Fwasm-opt%2Fdownload%2F%40webassemblyjs%2Fwasm-opt-1.11.1.tgz#657b4c2202f4cf3b345f8a4c6461c8c2418985f2"
  integrity sha1-ZXtMIgL0zzs0X4pMZGHIwkGJhfI=
  dependencies:
    "@webassemblyjs/ast" "1.11.1"
    "@webassemblyjs/helper-buffer" "1.11.1"
    "@webassemblyjs/wasm-gen" "1.11.1"
    "@webassemblyjs/wasm-parser" "1.11.1"

"@webassemblyjs/wasm-parser@1.11.1":
  version "1.11.1"
  resolved "https://registry.nlark.com/@webassemblyjs/wasm-parser/download/@webassemblyjs/wasm-parser-1.11.1.tgz?cache=0&sync_timestamp=1625473464593&other_urls=https%3A%2F%2Fregistry.nlark.com%2F%40webassemblyjs%2Fwasm-parser%2Fdownload%2F%40webassemblyjs%2Fwasm-parser-1.11.1.tgz#86ca734534f417e9bd3c67c7a1c75d8be41fb199"
  integrity sha1-hspzRTT0F+m9PGfHocddi+QfsZk=
  dependencies:
    "@webassemblyjs/ast" "1.11.1"
    "@webassemblyjs/helper-api-error" "1.11.1"
    "@webassemblyjs/helper-wasm-bytecode" "1.11.1"
    "@webassemblyjs/ieee754" "1.11.1"
    "@webassemblyjs/leb128" "1.11.1"
    "@webassemblyjs/utf8" "1.11.1"

"@webassemblyjs/wast-printer@1.11.1":
  version "1.11.1"
  resolved "https://registry.nlark.com/@webassemblyjs/wast-printer/download/@webassemblyjs/wast-printer-1.11.1.tgz#d0c73beda8eec5426f10ae8ef55cee5e7084c2f0"
  integrity sha1-0Mc77ajuxUJvEK6O9VzuXnCEwvA=
  dependencies:
    "@webassemblyjs/ast" "1.11.1"
    "@xtuc/long" "4.2.2"

"@webpack-cli/configtest@^1.0.4":
  version "1.0.4"
  resolved "https://registry.nlark.com/@webpack-cli/configtest/download/@webpack-cli/configtest-1.0.4.tgz?cache=0&other_urls=https%3A%2F%2Fregistry.nlark.com%2F%40webpack-cli%2Fconfigtest%2Fdownload%2F%40webpack-cli%2Fconfigtest-1.0.4.tgz#f03ce6311c0883a83d04569e2c03c6238316d2aa"
  integrity sha1-8DzmMRwIg6g9BFaeLAPGI4MW0qo=

"@webpack-cli/info@^1.3.0":
  version "1.3.0"
  resolved "https://registry.nlark.com/@webpack-cli/info/download/@webpack-cli/info-1.3.0.tgz?cache=0&other_urls=https%3A%2F%2Fregistry.nlark.com%2F%40webpack-cli%2Finfo%2Fdownload%2F%40webpack-cli%2Finfo-1.3.0.tgz#9d78a31101a960997a4acd41ffd9b9300627fe2b"
  integrity sha1-nXijEQGpYJl6Ss1B/9m5MAYn/is=
  dependencies:
    envinfo "^7.7.3"

"@webpack-cli/serve@^1.5.2":
  version "1.5.2"
  resolved "https://registry.nlark.com/@webpack-cli/serve/download/@webpack-cli/serve-1.5.2.tgz#ea584b637ff63c5a477f6f21604b5a205b72c9ec"
  integrity sha1-6lhLY3/2PFpHf28hYEtaIFtyyew=

"@xtuc/ieee754@^1.2.0":
  version "1.2.0"
  resolved "https://registry.nlark.com/@xtuc/ieee754/download/@xtuc/ieee754-1.2.0.tgz#eef014a3145ae477a1cbc00cd1e552336dceb790"
  integrity sha1-7vAUoxRa5Hehy8AM0eVSM23Ot5A=

"@xtuc/long@4.2.2":
  version "4.2.2"
  resolved "https://registry.npm.taobao.org/@xtuc/long/download/@xtuc/long-4.2.2.tgz#d291c6a4e97989b5c61d9acf396ae4fe133a718d"
  integrity sha1-0pHGpOl5ibXGHZrPOWrk/hM6cY0=

acorn-import-assertions@^1.7.6:
  version "1.7.6"
  resolved "https://registry.nlark.com/acorn-import-assertions/download/acorn-import-assertions-1.7.6.tgz?cache=0&sync_timestamp=1627907855812&other_urls=https%3A%2F%2Fregistry.nlark.com%2Facorn-import-assertions%2Fdownload%2Facorn-import-assertions-1.7.6.tgz#580e3ffcae6770eebeec76c3b9723201e9d01f78"
  integrity sha1-WA4//K5ncO6+7HbDuXIyAenQH3g=

acorn@^8.4.1:
  version "8.4.1"
  resolved "https://registry.nlark.com/acorn/download/acorn-8.4.1.tgz#56c36251fc7cabc7096adc18f05afe814321a28c"
  integrity sha1-VsNiUfx8q8cJatwY8Fr+gUMhoow=

ajv-keywords@^3.5.2:
  version "3.5.2"
  resolved "https://registry.nlark.com/ajv-keywords/download/ajv-keywords-3.5.2.tgz#31f29da5ab6e00d1c2d329acf7b5929614d5014d"
  integrity sha1-MfKdpatuANHC0yms97WSlhTVAU0=

ajv@^6.12.5:
  version "6.12.6"
  resolved "https://registry.nlark.com/ajv/download/ajv-6.12.6.tgz?cache=0&sync_timestamp=1626380017209&other_urls=https%3A%2F%2Fregistry.nlark.com%2Fajv%2Fdownload%2Fajv-6.12.6.tgz#baf5a62e802b07d977034586f8c3baf5adf26df4"
  integrity sha1-uvWmLoArB9l3A0WG+MO69a3ybfQ=
  dependencies:
    fast-deep-equal "^3.1.1"
    fast-json-stable-stringify "^2.0.0"
    json-schema-traverse "^0.4.1"
    uri-js "^4.2.2"

browserslist@^4.14.5:
  version "4.16.8"
  resolved "https://registry.nlark.com/browserslist/download/browserslist-4.16.8.tgz#cb868b0b554f137ba6e33de0ecff2eda403c4fb0"
  integrity sha1-y4aLC1VPE3um4z3g7P8u2kA8T7A=
  dependencies:
    caniuse-lite "^1.0.30001251"
    colorette "^1.3.0"
    electron-to-chromium "^1.3.811"
    escalade "^3.1.1"
    node-releases "^1.1.75"

buffer-from@^1.0.0:
  version "1.1.2"
  resolved "https://registry.nlark.com/buffer-from/download/buffer-from-1.1.2.tgz?cache=0&sync_timestamp=1627578450949&other_urls=https%3A%2F%2Fregistry.nlark.com%2Fbuffer-from%2Fdownload%2Fbuffer-from-1.1.2.tgz#2b146a6fd72e80b4f55d255f35ed59a3a9a41bd5"
  integrity sha1-KxRqb9cugLT1XSVfNe1Zo6mkG9U=

caniuse-lite@^1.0.30001251:
  version "1.0.30001252"
  resolved "https://registry.nlark.com/caniuse-lite/download/caniuse-lite-1.0.30001252.tgz#cb16e4e3dafe948fc4a9bb3307aea054b912019a"
  integrity sha1-yxbk49r+lI/EqbszB66gVLkSAZo=

chrome-trace-event@^1.0.2:
  version "1.0.3"
  resolved "https://registry.nlark.com/chrome-trace-event/download/chrome-trace-event-1.0.3.tgz#1015eced4741e15d06664a957dbbf50d041e26ac"
  integrity sha1-EBXs7UdB4V0GZkqVfbv1DQQeJqw=

clone-deep@^4.0.1:
  version "4.0.1"
  resolved "https://registry.nlark.com/clone-deep/download/clone-deep-4.0.1.tgz#c19fd9bdbbf85942b4fd979c84dcf7d5f07c2387"
  integrity sha1-wZ/Zvbv4WUK0/ZechNz31fB8I4c=
  dependencies:
    is-plain-object "^2.0.4"
    kind-of "^6.0.2"
    shallow-clone "^3.0.0"

colorette@^1.2.1, colorette@^1.3.0:
  version "1.3.0"
  resolved "https://registry.nlark.com/colorette/download/colorette-1.3.0.tgz#ff45d2f0edb244069d3b772adeb04fed38d0a0af"
  integrity sha1-/0XS8O2yRAadO3cq3rBP7TjQoK8=

commander@^2.20.0:
  version "2.20.3"
  resolved "https://registry.nlark.com/commander/download/commander-2.20.3.tgz?cache=0&other_urls=https%3A%2F%2Fregistry.nlark.com%2Fcommander%2Fdownload%2Fcommander-2.20.3.tgz#fd485e84c03eb4881c20722ba48035e8531aeb33"
  integrity sha1-/UhehMA+tIgcIHIrpIA16FMa6zM=

commander@^7.0.0:
  version "7.2.0"
  resolved "https://registry.nlark.com/commander/download/commander-7.2.0.tgz?cache=0&other_urls=https%3A%2F%2Fregistry.nlark.com%2Fcommander%2Fdownload%2Fcommander-7.2.0.tgz#a36cb57d0b501ce108e4d20559a150a391d97ab7"
  integrity sha1-o2y1fQtQHOEI5NIFWaFQo5HZerc=

cross-spawn@^7.0.3:
  version "7.0.3"
  resolved "https://registry.nlark.com/cross-spawn/download/cross-spawn-7.0.3.tgz#f73a85b9d5d41d045551c177e2882d4ac85728a6"
  integrity sha1-9zqFudXUHQRVUcF34ogtSshXKKY=
  dependencies:
    path-key "^3.1.0"
    shebang-command "^2.0.0"
    which "^2.0.1"

electron-to-chromium@^1.3.811:
  version "1.3.830"
  resolved "https://registry.nlark.com/electron-to-chromium/download/electron-to-chromium-1.3.830.tgz?cache=0&other_urls=https%3A%2F%2Fregistry.nlark.com%2Felectron-to-chromium%2Fdownload%2Felectron-to-chromium-1.3.830.tgz#40e3144204f8ca11b2cebec83cf14c20d3499236"
  integrity sha1-QOMUQgT4yhGyzr7IPPFMINNJkjY=

enhanced-resolve@^5.8.0:
  version "5.8.2"
  resolved "https://registry.nlark.com/enhanced-resolve/download/enhanced-resolve-5.8.2.tgz?cache=0&sync_timestamp=1620663214002&other_urls=https%3A%2F%2Fregistry.nlark.com%2Fenhanced-resolve%2Fdownload%2Fenhanced-resolve-5.8.2.tgz#15ddc779345cbb73e97c611cd00c01c1e7bf4d8b"
  integrity sha1-Fd3HeTRcu3PpfGEc0AwBwee/TYs=
  dependencies:
    graceful-fs "^4.2.4"
    tapable "^2.2.0"

envinfo@^7.7.3:
  version "7.8.1"
  resolved "https://registry.npm.taobao.org/envinfo/download/envinfo-7.8.1.tgz#06377e3e5f4d379fea7ac592d5ad8927e0c4d475"
  integrity sha1-Bjd+Pl9NN5/qesWS1a2JJ+DE1HU=

es-module-lexer@^0.7.1:
  version "0.7.1"
  resolved "https://registry.nlark.com/es-module-lexer/download/es-module-lexer-0.7.1.tgz?cache=0&sync_timestamp=1625523636476&other_urls=https%3A%2F%2Fregistry.nlark.com%2Fes-module-lexer%2Fdownload%2Fes-module-lexer-0.7.1.tgz#c2c8e0f46f2df06274cdaf0dd3f3b33e0a0b267d"
  integrity sha1-wsjg9G8t8GJ0za8N0/OzPgoLJn0=

escalade@^3.1.1:
  version "3.1.1"
  resolved "https://registry.npm.taobao.org/escalade/download/escalade-3.1.1.tgz#d8cfdc7000965c5a0174b4a82eaa5c0552742e40"
  integrity sha1-2M/ccACWXFoBdLSoLqpcBVJ0LkA=

eslint-scope@5.1.1:
  version "5.1.1"
  resolved "https://registry.nlark.com/eslint-scope/download/eslint-scope-5.1.1.tgz?cache=0&sync_timestamp=1627061754690&other_urls=https%3A%2F%2Fregistry.nlark.com%2Feslint-scope%2Fdownload%2Feslint-scope-5.1.1.tgz#e786e59a66cb92b3f6c1fb0d508aab174848f48c"
  integrity sha1-54blmmbLkrP2wfsNUIqrF0hI9Iw=
  dependencies:
    esrecurse "^4.3.0"
    estraverse "^4.1.1"

esrecurse@^4.3.0:
  version "4.3.0"
  resolved "https://registry.npm.taobao.org/esrecurse/download/esrecurse-4.3.0.tgz#7ad7964d679abb28bee72cec63758b1c5d2c9921"
  integrity sha1-eteWTWeauyi+5yzsY3WLHF0smSE=
  dependencies:
    estraverse "^5.2.0"

estraverse@^4.1.1:
  version "4.3.0"
  resolved "https://registry.nlark.com/estraverse/download/estraverse-4.3.0.tgz?cache=0&other_urls=https%3A%2F%2Fregistry.nlark.com%2Festraverse%2Fdownload%2Festraverse-4.3.0.tgz#398ad3f3c5a24948be7725e83d11a7de28cdbd1d"
  integrity sha1-OYrT88WiSUi+dyXoPRGn3ijNvR0=

estraverse@^5.2.0:
  version "5.2.0"
  resolved "https://registry.nlark.com/estraverse/download/estraverse-5.2.0.tgz?cache=0&other_urls=https%3A%2F%2Fregistry.nlark.com%2Festraverse%2Fdownload%2Festraverse-5.2.0.tgz#307df42547e6cc7324d3cf03c155d5cdb8c53880"
  integrity sha1-MH30JUfmzHMk088DwVXVzbjFOIA=

events@^3.2.0:
  version "3.3.0"
  resolved "https://registry.npm.taobao.org/events/download/events-3.3.0.tgz?cache=0&sync_timestamp=1614444838320&other_urls=https%3A%2F%2Fregistry.npm.taobao.org%2Fevents%2Fdownload%2Fevents-3.3.0.tgz#31a95ad0a924e2d2c419a813aeb2c4e878ea7400"
  integrity sha1-Mala0Kkk4tLEGagTrrLE6HjqdAA=

execa@^5.0.0:
  version "5.1.1"
  resolved "https://registry.nlark.com/execa/download/execa-5.1.1.tgz#f80ad9cbf4298f7bd1d4c9555c21e93741c411dd"
  integrity sha1-+ArZy/Qpj3vR1MlVXCHpN0HEEd0=
  dependencies:
    cross-spawn "^7.0.3"
    get-stream "^6.0.0"
    human-signals "^2.1.0"
    is-stream "^2.0.0"
    merge-stream "^2.0.0"
    npm-run-path "^4.0.1"
    onetime "^5.1.2"
    signal-exit "^3.0.3"
    strip-final-newline "^2.0.0"

fast-deep-equal@^3.1.1:
  version "3.1.3"
  resolved "https://registry.nlark.com/fast-deep-equal/download/fast-deep-equal-3.1.3.tgz#3a7d56b559d6cbc3eb512325244e619a65c6c525"
  integrity sha1-On1WtVnWy8PrUSMlJE5hmmXGxSU=

fast-json-stable-stringify@^2.0.0:
  version "2.1.0"
  resolved "https://registry.nlark.com/fast-json-stable-stringify/download/fast-json-stable-stringify-2.1.0.tgz#874bf69c6f404c2b5d99c481341399fd55892633"
  integrity sha1-h0v2nG9ATCtdmcSBNBOZ/VWJJjM=

fastest-levenshtein@^1.0.12:
  version "1.0.12"
  resolved "https://registry.nlark.com/fastest-levenshtein/download/fastest-levenshtein-1.0.12.tgz#9990f7d3a88cc5a9ffd1f1745745251700d497e2"
  integrity sha1-mZD306iMxan/0fF0V0UlFwDUl+I=

find-up@^4.0.0:
  version "4.1.0"
  resolved "https://registry.nlark.com/find-up/download/find-up-4.1.0.tgz#97afe7d6cdc0bc5928584b7c8d7b16e8a9aa5d19"
  integrity sha1-l6/n1s3AvFkoWEt8jXsW6KmqXRk=
  dependencies:
    locate-path "^5.0.0"
    path-exists "^4.0.0"

function-bind@^1.1.1:
  version "1.1.1"
  resolved "https://registry.nlark.com/function-bind/download/function-bind-1.1.1.tgz#a56899d3ea3c9bab874bb9773b7c5ede92f4895d"
  integrity sha1-pWiZ0+o8m6uHS7l3O3xe3pL0iV0=

get-stream@^6.0.0:
  version "6.0.1"
  resolved "https://registry.npm.taobao.org/get-stream/download/get-stream-6.0.1.tgz#a262d8eef67aced57c2852ad6167526a43cbf7b7"
  integrity sha1-omLY7vZ6ztV8KFKtYWdSakPL97c=

glob-to-regexp@^0.4.1:
  version "0.4.1"
  resolved "https://registry.nlark.com/glob-to-regexp/download/glob-to-regexp-0.4.1.tgz#c75297087c851b9a578bd217dd59a92f59fe546e"
  integrity sha1-x1KXCHyFG5pXi9IX3VmpL1n+VG4=

graceful-fs@^4.1.2, graceful-fs@^4.2.4:
  version "4.2.8"
  resolved "https://registry.nlark.com/graceful-fs/download/graceful-fs-4.2.8.tgz?cache=0&other_urls=https%3A%2F%2Fregistry.nlark.com%2Fgraceful-fs%2Fdownload%2Fgraceful-fs-4.2.8.tgz#e412b8d33f5e006593cbd3cee6df9f2cebbe802a"
  integrity sha1-5BK40z9eAGWTy9PO5t+fLOu+gCo=

has-flag@^4.0.0:
  version "4.0.0"
  resolved "https://registry.nlark.com/has-flag/download/has-flag-4.0.0.tgz?cache=0&sync_timestamp=1626715907927&other_urls=https%3A%2F%2Fregistry.nlark.com%2Fhas-flag%2Fdownload%2Fhas-flag-4.0.0.tgz#944771fd9c81c81265c4d6941860da06bb59479b"
  integrity sha1-lEdx/ZyByBJlxNaUGGDaBrtZR5s=

has@^1.0.3:
  version "1.0.3"
  resolved "https://registry.nlark.com/has/download/has-1.0.3.tgz#722d7cbfc1f6aa8241f16dd814e011e1f41e8796"
  integrity sha1-ci18v8H2qoJB8W3YFOAR4fQeh5Y=
  dependencies:
    function-bind "^1.1.1"

human-signals@^2.1.0:
  version "2.1.0"
  resolved "https://registry.nlark.com/human-signals/download/human-signals-2.1.0.tgz#dc91fcba42e4d06e4abaed33b3e7a3c02f514ea0"
  integrity sha1-3JH8ukLk0G5Kuu0zs+ejwC9RTqA=

import-local@^3.0.2:
  version "3.0.2"
  resolved "https://registry.nlark.com/import-local/download/import-local-3.0.2.tgz#a8cfd0431d1de4a2199703d003e3e62364fa6db6"
  integrity sha1-qM/QQx0d5KIZlwPQA+PmI2T6bbY=
  dependencies:
    pkg-dir "^4.2.0"
    resolve-cwd "^3.0.0"

interpret@^2.2.0:
  version "2.2.0"
  resolved "https://registry.nlark.com/interpret/download/interpret-2.2.0.tgz?cache=0&other_urls=https%3A%2F%2Fregistry.nlark.com%2Finterpret%2Fdownload%2Finterpret-2.2.0.tgz#1a78a0b5965c40a5416d007ad6f50ad27c417df9"
  integrity sha1-GnigtZZcQKVBbQB61vUK0nxBffk=

is-core-module@^2.2.0:
  version "2.6.0"
  resolved "https://registry.nlark.com/is-core-module/download/is-core-module-2.6.0.tgz?cache=0&sync_timestamp=1629224905008&other_urls=https%3A%2F%2Fregistry.nlark.com%2Fis-core-module%2Fdownload%2Fis-core-module-2.6.0.tgz#d7553b2526fe59b92ba3e40c8df757ec8a709e19"
  integrity sha1-11U7JSb+Wbkro+QMjfdX7Ipwnhk=
  dependencies:
    has "^1.0.3"

is-plain-object@^2.0.4:
  version "2.0.4"
  resolved "https://registry.npm.taobao.org/is-plain-object/download/is-plain-object-2.0.4.tgz#2c163b3fafb1b606d9d17928f05c2a1c38e07677"
  integrity sha1-LBY7P6+xtgbZ0Xko8FwqHDjgdnc=
  dependencies:
    isobject "^3.0.1"

is-stream@^2.0.0:
  version "2.0.1"
  resolved "https://registry.nlark.com/is-stream/download/is-stream-2.0.1.tgz#fac1e3d53b97ad5a9d0ae9cef2389f5810a5c077"
  integrity sha1-+sHj1TuXrVqdCunO8jifWBClwHc=

isexe@^2.0.0:
  version "2.0.0"
  resolved "https://registry.npm.taobao.org/isexe/download/isexe-2.0.0.tgz#e8fbf374dc556ff8947a10dcb0572d633f2cfa10"
  integrity sha1-6PvzdNxVb/iUehDcsFctYz8s+hA=

isobject@^3.0.1:
  version "3.0.1"
  resolved "https://registry.nlark.com/isobject/download/isobject-3.0.1.tgz#4e431e92b11a9731636aa1f9c8d1ccbcfdab78df"
  integrity sha1-TkMekrEalzFjaqH5yNHMvP2reN8=

jest-worker@^27.0.6:
  version "27.1.0"
  resolved "https://registry.nlark.com/jest-worker/download/jest-worker-27.1.0.tgz?cache=0&sync_timestamp=1630058473273&other_urls=https%3A%2F%2Fregistry.nlark.com%2Fjest-worker%2Fdownload%2Fjest-worker-27.1.0.tgz#65f4a88e37148ed984ba8ca8492d6b376938c0aa"
  integrity sha1-ZfSojjcUjtmEuoyoSS1rN2k4wKo=
  dependencies:
    "@types/node" "*"
    merge-stream "^2.0.0"
    supports-color "^8.0.0"

json-parse-better-errors@^1.0.2:
  version "1.0.2"
  resolved "https://registry.nlark.com/json-parse-better-errors/download/json-parse-better-errors-1.0.2.tgz#bb867cfb3450e69107c131d1c514bab3dc8bcaa9"
  integrity sha1-u4Z8+zRQ5pEHwTHRxRS6s9yLyqk=

json-schema-traverse@^0.4.1:
  version "0.4.1"
  resolved "https://registry.npm.taobao.org/json-schema-traverse/download/json-schema-traverse-0.4.1.tgz#69f6a87d9513ab8bb8fe63bdb0979c448e684660"
  integrity sha1-afaofZUTq4u4/mO9sJecRI5oRmA=

kind-of@^6.0.2:
  version "6.0.3"
  resolved "https://registry.npm.taobao.org/kind-of/download/kind-of-6.0.3.tgz#07c05034a6c349fa06e24fa35aa76db4580ce4dd"
  integrity sha1-B8BQNKbDSfoG4k+jWqdttFgM5N0=

loader-runner@^4.2.0:
  version "4.2.0"
  resolved "https://registry.nlark.com/loader-runner/download/loader-runner-4.2.0.tgz#d7022380d66d14c5fb1d496b89864ebcfd478384"
  integrity sha1-1wIjgNZtFMX7HUlriYZOvP1Hg4Q=

locate-path@^5.0.0:
  version "5.0.0"
  resolved "https://registry.nlark.com/locate-path/download/locate-path-5.0.0.tgz#1afba396afd676a6d42504d0a67a3a7eb9f62aa0"
  integrity sha1-Gvujlq/WdqbUJQTQpno6frn2KqA=
  dependencies:
    p-locate "^4.1.0"

merge-stream@^2.0.0:
  version "2.0.0"
  resolved "https://registry.nlark.com/merge-stream/download/merge-stream-2.0.0.tgz#52823629a14dd00c9770fb6ad47dc6310f2c1f60"
  integrity sha1-UoI2KaFN0AyXcPtq1H3GMQ8sH2A=

mime-db@1.49.0:
  version "1.49.0"
  resolved "https://registry.nlark.com/mime-db/download/mime-db-1.49.0.tgz#f3dfde60c99e9cf3bc9701d687778f537001cbed"
  integrity sha1-89/eYMmenPO8lwHWh3ePU3ABy+0=

mime-types@^2.1.27:
  version "2.1.32"
  resolved "https://registry.nlark.com/mime-types/download/mime-types-2.1.32.tgz?cache=0&sync_timestamp=1627407652875&other_urls=https%3A%2F%2Fregistry.nlark.com%2Fmime-types%2Fdownload%2Fmime-types-2.1.32.tgz#1d00e89e7de7fe02008db61001d9e02852670fd5"
  integrity sha1-HQDonn3n/gIAjbYQAdngKFJnD9U=
  dependencies:
    mime-db "1.49.0"

mimic-fn@^2.1.0:
  version "2.1.0"
  resolved "https://registry.nlark.com/mimic-fn/download/mimic-fn-2.1.0.tgz#7ed2c2ccccaf84d3ffcb7a69b57711fc2083401b"
  integrity sha1-ftLCzMyvhNP/y3pptXcR/CCDQBs=

neo-async@^2.6.2:
  version "2.6.2"
  resolved "https://registry.npm.taobao.org/neo-async/download/neo-async-2.6.2.tgz#b4aafb93e3aeb2d8174ca53cf163ab7d7308305f"
  integrity sha1-tKr7k+OustgXTKU88WOrfXMIMF8=

node-releases@^1.1.75:
  version "1.1.75"
  resolved "https://registry.nlark.com/node-releases/download/node-releases-1.1.75.tgz?cache=0&sync_timestamp=1629280398871&other_urls=https%3A%2F%2Fregistry.nlark.com%2Fnode-releases%2Fdownload%2Fnode-releases-1.1.75.tgz#6dd8c876b9897a1b8e5a02de26afa79bb54ebbfe"
  integrity sha1-bdjIdrmJehuOWgLeJq+nm7VOu/4=

npm-run-path@^4.0.1:
  version "4.0.1"
  resolved "https://registry.nlark.com/npm-run-path/download/npm-run-path-4.0.1.tgz#b7ecd1e5ed53da8e37a55e1c2269e0b97ed748ea"
  integrity sha1-t+zR5e1T2o43pV4cImnguX7XSOo=
  dependencies:
    path-key "^3.0.0"

onetime@^5.1.2:
  version "5.1.2"
  resolved "https://registry.nlark.com/onetime/download/onetime-5.1.2.tgz#d0e96ebb56b07476df1dd9c4806e5237985ca45e"
  integrity sha1-0Oluu1awdHbfHdnEgG5SN5hcpF4=
  dependencies:
    mimic-fn "^2.1.0"

p-limit@^2.2.0:
  version "2.3.0"
  resolved "https://registry.nlark.com/p-limit/download/p-limit-2.3.0.tgz#3dd33c647a214fdfffd835933eb086da0dc21db1"
  integrity sha1-PdM8ZHohT9//2DWTPrCG2g3CHbE=
  dependencies:
    p-try "^2.0.0"

p-limit@^3.1.0:
  version "3.1.0"
  resolved "https://registry.nlark.com/p-limit/download/p-limit-3.1.0.tgz#e1daccbe78d0d1388ca18c64fea38e3e57e3706b"
  integrity sha1-4drMvnjQ0TiMoYxk/qOOPlfjcGs=
  dependencies:
    yocto-queue "^0.1.0"

p-locate@^4.1.0:
  version "4.1.0"
  resolved "https://registry.nlark.com/p-locate/download/p-locate-4.1.0.tgz?cache=0&sync_timestamp=1629892721671&other_urls=https%3A%2F%2Fregistry.nlark.com%2Fp-locate%2Fdownload%2Fp-locate-4.1.0.tgz#a3428bb7088b3a60292f66919278b7c297ad4f07"
  integrity sha1-o0KLtwiLOmApL2aRkni3wpetTwc=
  dependencies:
    p-limit "^2.2.0"

p-try@^2.0.0:
  version "2.2.0"
  resolved "https://registry.nlark.com/p-try/download/p-try-2.2.0.tgz#cb2868540e313d61de58fafbe35ce9004d5540e6"
  integrity sha1-yyhoVA4xPWHeWPr741zpAE1VQOY=

path-exists@^4.0.0:
  version "4.0.0"
  resolved "https://registry.nlark.com/path-exists/download/path-exists-4.0.0.tgz#513bdbe2d3b95d7762e8c1137efa195c6c61b5b3"
  integrity sha1-UTvb4tO5XXdi6METfvoZXGxhtbM=

path-key@^3.0.0, path-key@^3.1.0:
  version "3.1.1"
  resolved "https://registry.nlark.com/path-key/download/path-key-3.1.1.tgz#581f6ade658cbba65a0d3380de7753295054f375"
  integrity sha1-WB9q3mWMu6ZaDTOA3ndTKVBU83U=

path-parse@^1.0.6:
  version "1.0.7"
  resolved "https://registry.nlark.com/path-parse/download/path-parse-1.0.7.tgz#fbc114b60ca42b30d9daf5858e4bd68bbedb6735"
  integrity sha1-+8EUtgykKzDZ2vWFjkvWi77bZzU=

pkg-dir@^4.2.0:
  version "4.2.0"
  resolved "https://registry.nlark.com/pkg-dir/download/pkg-dir-4.2.0.tgz#f099133df7ede422e81d1d8448270eeb3e4261f3"
  integrity sha1-8JkTPfft5CLoHR2ESCcO6z5CYfM=
  dependencies:
    find-up "^4.0.0"

punycode@^2.1.0:
  version "2.1.1"
  resolved "https://registry.nlark.com/punycode/download/punycode-2.1.1.tgz#b58b010ac40c22c5657616c8d2c2c02c7bf479ec"
  integrity sha1-tYsBCsQMIsVldhbI0sLALHv0eew=

randombytes@^2.1.0:
  version "2.1.0"
  resolved "https://registry.nlark.com/randombytes/download/randombytes-2.1.0.tgz#df6f84372f0270dc65cdf6291349ab7a473d4f2a"
  integrity sha1-32+ENy8CcNxlzfYpE0mrekc9Tyo=
  dependencies:
    safe-buffer "^5.1.0"

rechoir@^0.7.0:
  version "0.7.1"
  resolved "https://registry.nlark.com/rechoir/download/rechoir-0.7.1.tgz#9478a96a1ca135b5e88fc027f03ee92d6c645686"
  integrity sha1-lHipahyhNbXoj8An8D7pLWxkVoY=
  dependencies:
    resolve "^1.9.0"

resolve-cwd@^3.0.0:
  version "3.0.0"
  resolved "https://registry.nlark.com/resolve-cwd/download/resolve-cwd-3.0.0.tgz#0f0075f1bb2544766cf73ba6a6e2adfebcb13f2d"
  integrity sha1-DwB18bslRHZs9zumpuKt/ryxPy0=
  dependencies:
    resolve-from "^5.0.0"

resolve-from@^5.0.0:
  version "5.0.0"
  resolved "https://registry.nlark.com/resolve-from/download/resolve-from-5.0.0.tgz#c35225843df8f776df21c57557bc087e9dfdfc69"
  integrity sha1-w1IlhD3493bfIcV1V7wIfp39/Gk=

resolve@^1.9.0:
  version "1.20.0"
  resolved "https://registry.npm.taobao.org/resolve/download/resolve-1.20.0.tgz#629a013fb3f70755d6f0b7935cc1c2c5378b1975"
  integrity sha1-YpoBP7P3B1XW8LeTXMHCxTeLGXU=
  dependencies:
    is-core-module "^2.2.0"
    path-parse "^1.0.6"

safe-buffer@^5.1.0:
  version "5.2.1"
  resolved "https://registry.nlark.com/safe-buffer/download/safe-buffer-5.2.1.tgz#1eaf9fa9bdb1fdd4ec75f58f9cdb4e6b7827eec6"
  integrity sha1-Hq+fqb2x/dTsdfWPnNtOa3gn7sY=

schema-utils@^3.1.0, schema-utils@^3.1.1:
  version "3.1.1"
  resolved "https://registry.nlark.com/schema-utils/download/schema-utils-3.1.1.tgz?cache=0&sync_timestamp=1626694835325&other_urls=https%3A%2F%2Fregistry.nlark.com%2Fschema-utils%2Fdownload%2Fschema-utils-3.1.1.tgz#bc74c4b6b6995c1d88f76a8b77bea7219e0c8281"
  integrity sha1-vHTEtraZXB2I92qLd76nIZ4MgoE=
  dependencies:
    "@types/json-schema" "^7.0.8"
    ajv "^6.12.5"
    ajv-keywords "^3.5.2"

serialize-javascript@^6.0.0:
  version "6.0.0"
  resolved "https://registry.nlark.com/serialize-javascript/download/serialize-javascript-6.0.0.tgz?cache=0&sync_timestamp=1624284111898&other_urls=https%3A%2F%2Fregistry.nlark.com%2Fserialize-javascript%2Fdownload%2Fserialize-javascript-6.0.0.tgz#efae5d88f45d7924141da8b5c3a7a7e663fefeb8"
  integrity sha1-765diPRdeSQUHai1w6en5mP+/rg=
  dependencies:
    randombytes "^2.1.0"

shallow-clone@^3.0.0:
  version "3.0.1"
  resolved "https://registry.npm.taobao.org/shallow-clone/download/shallow-clone-3.0.1.tgz#8f2981ad92531f55035b01fb230769a40e02efa3"
  integrity sha1-jymBrZJTH1UDWwH7IwdppA4C76M=
  dependencies:
    kind-of "^6.0.2"

shebang-command@^2.0.0:
  version "2.0.0"
  resolved "https://registry.nlark.com/shebang-command/download/shebang-command-2.0.0.tgz#ccd0af4f8835fbdc265b82461aaf0c36663f34ea"
  integrity sha1-zNCvT4g1+9wmW4JGGq8MNmY/NOo=
  dependencies:
    shebang-regex "^3.0.0"

shebang-regex@^3.0.0:
  version "3.0.0"
  resolved "https://registry.nlark.com/shebang-regex/download/shebang-regex-3.0.0.tgz#ae16f1644d873ecad843b0307b143362d4c42172"
  integrity sha1-rhbxZE2HPsrYQ7AwexQzYtTEIXI=

signal-exit@^3.0.3:
  version "3.0.3"
  resolved "https://registry.npm.taobao.org/signal-exit/download/signal-exit-3.0.3.tgz?cache=0&sync_timestamp=1592843131591&other_urls=https%3A%2F%2Fregistry.npm.taobao.org%2Fsignal-exit%2Fdownload%2Fsignal-exit-3.0.3.tgz#a1410c2edd8f077b08b4e253c8eacfcaf057461c"
  integrity sha1-oUEMLt2PB3sItOJTyOrPyvBXRhw=

source-map-support@~0.5.19:
  version "0.5.19"
  resolved "https://registry.npm.taobao.org/source-map-support/download/source-map-support-0.5.19.tgz?cache=0&other_urls=https%3A%2F%2Fregistry.npm.taobao.org%2Fsource-map-support%2Fdownload%2Fsource-map-support-0.5.19.tgz#a98b62f86dcaf4f67399648c085291ab9e8fed61"
  integrity sha1-qYti+G3K9PZzmWSMCFKRq56P7WE=
  dependencies:
    buffer-from "^1.0.0"
    source-map "^0.6.0"

source-map@^0.6.0, source-map@^0.6.1:
  version "0.6.1"
  resolved "https://registry.nlark.com/source-map/download/source-map-0.6.1.tgz#74722af32e9614e9c287a8d0bbde48b5e2f1a263"
  integrity sha1-dHIq8y6WFOnCh6jQu95IteLxomM=

source-map@~0.7.2:
  version "0.7.3"
  resolved "https://registry.nlark.com/source-map/download/source-map-0.7.3.tgz#5302f8169031735226544092e64981f751750383"
  integrity sha1-UwL4FpAxc1ImVECS5kmB91F1A4M=

strip-final-newline@^2.0.0:
  version "2.0.0"
  resolved "https://registry.nlark.com/strip-final-newline/download/strip-final-newline-2.0.0.tgz#89b852fb2fcbe936f6f4b3187afb0a12c1ab58ad"
  integrity sha1-ibhS+y/L6Tb29LMYevsKEsGrWK0=

supports-color@^8.0.0:
  version "8.1.1"
  resolved "https://registry.nlark.com/supports-color/download/supports-color-8.1.1.tgz#cd6fc17e28500cff56c1b86c0a7fd4a54a73005c"
  integrity sha1-zW/BfihQDP9WwbhsCn/UpUpzAFw=
  dependencies:
    has-flag "^4.0.0"

tapable@^2.1.1, tapable@^2.2.0:
  version "2.2.0"
  resolved "https://registry.nlark.com/tapable/download/tapable-2.2.0.tgz#5c373d281d9c672848213d0e037d1c4165ab426b"
  integrity sha1-XDc9KB2cZyhIIT0OA30cQWWrQms=

terser-webpack-plugin@^5.1.3:
  version "5.2.3"
  resolved "https://registry.nlark.com/terser-webpack-plugin/download/terser-webpack-plugin-5.2.3.tgz?cache=0&sync_timestamp=1630671841179&other_urls=https%3A%2F%2Fregistry.nlark.com%2Fterser-webpack-plugin%2Fdownload%2Fterser-webpack-plugin-5.2.3.tgz#4852c91f709a4ea2bcf324cf48e7e88124cda0cc"
  integrity sha1-SFLJH3CaTqK88yTPSOfogSTNoMw=
  dependencies:
    jest-worker "^27.0.6"
    p-limit "^3.1.0"
    schema-utils "^3.1.1"
    serialize-javascript "^6.0.0"
    source-map "^0.6.1"
    terser "^5.7.2"

terser@^5.7.2:
  version "5.7.2"
  resolved "https://registry.nlark.com/terser/download/terser-5.7.2.tgz?cache=0&sync_timestamp=1629818465040&other_urls=https%3A%2F%2Fregistry.nlark.com%2Fterser%2Fdownload%2Fterser-5.7.2.tgz#d4d95ed4f8bf735cb933e802f2a1829abf545e3f"
  integrity sha1-1Nle1Pi/c1y5M+gC8qGCmr9UXj8=
  dependencies:
    commander "^2.20.0"
    source-map "~0.7.2"
    source-map-support "~0.5.19"

uri-js@^4.2.2:
  version "4.4.1"
  resolved "https://registry.npm.taobao.org/uri-js/download/uri-js-4.4.1.tgz?cache=0&sync_timestamp=1610237641463&other_urls=https%3A%2F%2Fregistry.npm.taobao.org%2Furi-js%2Fdownload%2Furi-js-4.4.1.tgz#9b1a52595225859e55f669d928f88c6c57f2a77e"
  integrity sha1-mxpSWVIlhZ5V9mnZKPiMbFfyp34=
  dependencies:
    punycode "^2.1.0"

v8-compile-cache@^2.2.0:
  version "2.3.0"
  resolved "https://registry.nlark.com/v8-compile-cache/download/v8-compile-cache-2.3.0.tgz#2de19618c66dc247dcfb6f99338035d8245a2cee"
  integrity sha1-LeGWGMZtwkfc+2+ZM4A12CRaLO4=

watchpack@^2.2.0:
  version "2.2.0"
  resolved "https://registry.nlark.com/watchpack/download/watchpack-2.2.0.tgz#47d78f5415fe550ecd740f99fe2882323a58b1ce"
  integrity sha1-R9ePVBX+VQ7NdA+Z/iiCMjpYsc4=
  dependencies:
    glob-to-regexp "^0.4.1"
    graceful-fs "^4.1.2"

webpack-cli@4.8.0:
  version "4.8.0"
  resolved "https://registry.nlark.com/webpack-cli/download/webpack-cli-4.8.0.tgz#5fc3c8b9401d3c8a43e2afceacfa8261962338d1"
  integrity sha1-X8PIuUAdPIpD4q/OrPqCYZYjONE=
  dependencies:
    "@discoveryjs/json-ext" "^0.5.0"
    "@webpack-cli/configtest" "^1.0.4"
    "@webpack-cli/info" "^1.3.0"
    "@webpack-cli/serve" "^1.5.2"
    colorette "^1.2.1"
    commander "^7.0.0"
    execa "^5.0.0"
    fastest-levenshtein "^1.0.12"
    import-local "^3.0.2"
    interpret "^2.2.0"
    rechoir "^0.7.0"
    v8-compile-cache "^2.2.0"
    webpack-merge "^5.7.3"

webpack-merge@^5.7.3:
  version "5.8.0"
  resolved "https://registry.nlark.com/webpack-merge/download/webpack-merge-5.8.0.tgz#2b39dbf22af87776ad744c390223731d30a68f61"
  integrity sha1-Kznb8ir4d3atdEw5AiNzHTCmj2E=
  dependencies:
    clone-deep "^4.0.1"
    wildcard "^2.0.0"

webpack-sources@^3.2.0:
  version "3.2.0"
  resolved "https://registry.nlark.com/webpack-sources/download/webpack-sources-3.2.0.tgz?cache=0&sync_timestamp=1627898333297&other_urls=https%3A%2F%2Fregistry.nlark.com%2Fwebpack-sources%2Fdownload%2Fwebpack-sources-3.2.0.tgz#b16973bcf844ebcdb3afde32eda1c04d0b90f89d"
  integrity sha1-sWlzvPhE682zr94y7aHATQuQ+J0=

webpack@5.50.0:
  version "5.50.0"
  resolved "https://registry.nlark.com/webpack/download/webpack-5.50.0.tgz?cache=0&sync_timestamp=1630682901437&other_urls=https%3A%2F%2Fregistry.nlark.com%2Fwebpack%2Fdownload%2Fwebpack-5.50.0.tgz#5562d75902a749eb4d75131f5627eac3a3192527"
  integrity sha1-VWLXWQKnSetNdRMfVifqw6MZJSc=
  dependencies:
    "@types/eslint-scope" "^3.7.0"
    "@types/estree" "^0.0.50"
    "@webassemblyjs/ast" "1.11.1"
    "@webassemblyjs/wasm-edit" "1.11.1"
    "@webassemblyjs/wasm-parser" "1.11.1"
    acorn "^8.4.1"
    acorn-import-assertions "^1.7.6"
    browserslist "^4.14.5"
    chrome-trace-event "^1.0.2"
    enhanced-resolve "^5.8.0"
    es-module-lexer "^0.7.1"
    eslint-scope "5.1.1"
    events "^3.2.0"
    glob-to-regexp "^0.4.1"
    graceful-fs "^4.2.4"
    json-parse-better-errors "^1.0.2"
    loader-runner "^4.2.0"
    mime-types "^2.1.27"
    neo-async "^2.6.2"
    schema-utils "^3.1.0"
    tapable "^2.1.1"
    terser-webpack-plugin "^5.1.3"
    watchpack "^2.2.0"
    webpack-sources "^3.2.0"

which@^2.0.1:
  version "2.0.2"
  resolved "https://registry.nlark.com/which/download/which-2.0.2.tgz#7c6a8dd0a636a0327e10b59c9286eee93f3f51b1"
  integrity sha1-fGqN0KY2oDJ+ELWckobu6T8/UbE=
  dependencies:
    isexe "^2.0.0"

wildcard@^2.0.0:
  version "2.0.0"
  resolved "https://registry.npm.taobao.org/wildcard/download/wildcard-2.0.0.tgz#a77d20e5200c6faaac979e4b3aadc7b3dd7f8fec"
  integrity sha1-p30g5SAMb6qsl55LOq3Hs91/j+w=

yocto-queue@^0.1.0:
  version "0.1.0"
  resolved "https://registry.nlark.com/yocto-queue/download/yocto-queue-0.1.0.tgz?cache=0&sync_timestamp=1628813299341&other_urls=https%3A%2F%2Fregistry.nlark.com%2Fyocto-queue%2Fdownload%2Fyocto-queue-0.1.0.tgz#0294eb3dee05028d31ee1a5fa2c556a6aaf10a1b"
  integrity sha1-ApTrPe4FAo0x7hpfosVWpqrxChs=
